
Microsoft Visual Studio Solution File, Format Version 12.00
# Visual Studio Version 16
VisualStudioVersion = 16.0.33529.622
MinimumVisualStudioVersion = 10.0.40219.1
Project("{8BC9CEB8-8B4A-11D0-8D11-00A0C91BC942}") = "01_QPushbutton与窗口", "01_QPushbutton与窗口\01_QPushbutton与窗口.vcxproj", "{C674A140-2917-4DC3-A08D-7B51A6A29C2F}"
EndProject
Project("{8BC9CEB8-8B4A-11D0-8D11-00A0C91BC942}") = "02_信号和槽", "02_信号和槽\02_信号和槽.vcxproj", "{D584F65A-F187-491A-BFC6-6DAF37BAD960}"
EndProject
Project("{8BC9CEB8-8B4A-11D0-8D11-00A0C91BC942}") = "03_QMainWindow_及其部件", "03_QMainWindow_及其部件\03_QMainWindow_及其部件.vcxproj", "{E27FC733-6A2E-4DD5-B3C4-DCAD1524C57B}"
EndProject
Project("{8BC9CEB8-8B4A-11D0-8D11-00A0C91BC942}") = "04_addSource", "04_addSource\04_addSource.vcxproj", "{A817740C-D2BF-4ECC-9A0F-86C5105145EA}"
EndProject
Project("{8BC9CEB8-8B4A-11D0-8D11-00A0C91BC942}") = "05_Dialog_MessageBox", "05_Dialog_MessageBox\05_Dialog_MessageBox.vcxproj", "{3C7CE3BE-07D1-4209-8A73-DBC9E1539002}"
EndProject
Project("{8BC9CEB8-8B4A-11D0-8D11-00A0C91BC942}") = "06_Layout", "06_Layout\06_Layout.vcxproj", "{944DA044-9932-4843-B2F3-8698467F13D4}"
EndProject
Project("{8BC9CEB8-8B4A-11D0-8D11-00A0C91BC942}") = "07_TableWidget", "07_TableWidget\07_TableWidget.vcxproj", "{3406CBD6-86DC-4B96-9A02-F5D7EEC94694}"
EndProject
Project("{8BC9CEB8-8B4A-11D0-8D11-00A0C91BC942}") = "08_SmallWidget", "08_SmallWidget\08_SmallWidget.vcxproj", "{19AC37B4-6057-4510-9725-2DD973DD2117}"
EndProject
Project("{8BC9CEB8-8B4A-11D0-8D11-00A0C91BC942}") = "09_Qt_Event", "09_Qt_Event\09_Qt_Event.vcxproj", "{A7486499-7D3C-481F-B44E-BC915E458C3D}"
EndProject
Project("{8BC9CEB8-8B4A-11D0-8D11-00A0C91BC942}") = "99_Calculator", "99_Calculator\99_Calculator.vcxproj", "{FB91B200-3F5A-4ECA-86FE-8593FA51DFF3}"
EndProject
Global
	GlobalSection(SolutionConfigurationPlatforms) = preSolution
		Debug|x64 = Debug|x64
		Release|x64 = Release|x64
	EndGlobalSection
	GlobalSection(ProjectConfigurationPlatforms) = postSolution
		{C674A140-2917-4DC3-A08D-7B51A6A29C2F}.Debug|x64.ActiveCfg = Debug|x64
		{C674A140-2917-4DC3-A08D-7B51A6A29C2F}.Debug|x64.Build.0 = Debug|x64
		{C674A140-2917-4DC3-A08D-7B51A6A29C2F}.Release|x64.ActiveCfg = Release|x64
		{C674A140-2917-4DC3-A08D-7B51A6A29C2F}.Release|x64.Build.0 = Release|x64
		{D584F65A-F187-491A-BFC6-6DAF37BAD960}.Debug|x64.ActiveCfg = Debug|x64
		{D584F65A-F187-491A-BFC6-6DAF37BAD960}.Debug|x64.Build.0 = Debug|x64
		{D584F65A-F187-491A-BFC6-6DAF37BAD960}.Release|x64.ActiveCfg = Release|x64
		{D584F65A-F187-491A-BFC6-6DAF37BAD960}.Release|x64.Build.0 = Release|x64
		{E27FC733-6A2E-4DD5-B3C4-DCAD1524C57B}.Debug|x64.ActiveCfg = Debug|x64
		{E27FC733-6A2E-4DD5-B3C4-DCAD1524C57B}.Debug|x64.Build.0 = Debug|x64
		{E27FC733-6A2E-4DD5-B3C4-DCAD1524C57B}.Release|x64.ActiveCfg = Release|x64
		{E27FC733-6A2E-4DD5-B3C4-DCAD1524C57B}.Release|x64.Build.0 = Release|x64
		{A817740C-D2BF-4ECC-9A0F-86C5105145EA}.Debug|x64.ActiveCfg = Debug|x64
		{A817740C-D2BF-4ECC-9A0F-86C5105145EA}.Debug|x64.Build.0 = Debug|x64
		{A817740C-D2BF-4ECC-9A0F-86C5105145EA}.Release|x64.ActiveCfg = Release|x64
		{A817740C-D2BF-4ECC-9A0F-86C5105145EA}.Release|x64.Build.0 = Release|x64
		{3C7CE3BE-07D1-4209-8A73-DBC9E1539002}.Debug|x64.ActiveCfg = Debug|x64
		{3C7CE3BE-07D1-4209-8A73-DBC9E1539002}.Debug|x64.Build.0 = Debug|x64
		{3C7CE3BE-07D1-4209-8A73-DBC9E1539002}.Release|x64.ActiveCfg = Release|x64
		{3C7CE3BE-07D1-4209-8A73-DBC9E1539002}.Release|x64.Build.0 = Release|x64
		{944DA044-9932-4843-B2F3-8698467F13D4}.Debug|x64.ActiveCfg = Debug|x64
		{944DA044-9932-4843-B2F3-8698467F13D4}.Debug|x64.Build.0 = Debug|x64
		{944DA044-9932-4843-B2F3-8698467F13D4}.Release|x64.ActiveCfg = Release|x64
		{944DA044-9932-4843-B2F3-8698467F13D4}.Release|x64.Build.0 = Release|x64
		{3406CBD6-86DC-4B96-9A02-F5D7EEC94694}.Debug|x64.ActiveCfg = Debug|x64
		{3406CBD6-86DC-4B96-9A02-F5D7EEC94694}.Debug|x64.Build.0 = Debug|x64
		{3406CBD6-86DC-4B96-9A02-F5D7EEC94694}.Release|x64.ActiveCfg = Release|x64
		{3406CBD6-86DC-4B96-9A02-F5D7EEC94694}.Release|x64.Build.0 = Release|x64
		{19AC37B4-6057-4510-9725-2DD973DD2117}.Debug|x64.ActiveCfg = Debug|x64
		{19AC37B4-6057-4510-9725-2DD973DD2117}.Debug|x64.Build.0 = Debug|x64
		{19AC37B4-6057-4510-9725-2DD973DD2117}.Release|x64.ActiveCfg = Release|x64
		{19AC37B4-6057-4510-9725-2DD973DD2117}.Release|x64.Build.0 = Release|x64
		{A7486499-7D3C-481F-B44E-BC915E458C3D}.Debug|x64.ActiveCfg = Debug|x64
		{A7486499-7D3C-481F-B44E-BC915E458C3D}.Debug|x64.Build.0 = Debug|x64
		{A7486499-7D3C-481F-B44E-BC915E458C3D}.Release|x64.ActiveCfg = Release|x64
		{A7486499-7D3C-481F-B44E-BC915E458C3D}.Release|x64.Build.0 = Release|x64
		{FB91B200-3F5A-4ECA-86FE-8593FA51DFF3}.Debug|x64.ActiveCfg = Debug|x64
		{FB91B200-3F5A-4ECA-86FE-8593FA51DFF3}.Debug|x64.Build.0 = Debug|x64
		{FB91B200-3F5A-4ECA-86FE-8593FA51DFF3}.Release|x64.ActiveCfg = Release|x64
		{FB91B200-3F5A-4ECA-86FE-8593FA51DFF3}.Release|x64.Build.0 = Release|x64
	EndGlobalSection
	GlobalSection(SolutionProperties) = preSolution
		HideSolutionNode = FALSE
	EndGlobalSection
	GlobalSection(ExtensibilityGlobals) = postSolution
		SolutionGuid = {1C118F6B-5DC7-43C5-AD7C-452A485D7C89}
	EndGlobalSection
EndGlobal
